// !$*UTF8*$!
{
	archiveVersion = 1;
	classes = {
	};
	objectVersion = 50;
	objects = {

/* Begin PBXBuildFile section */
		F1ACB1AB26A963F000498969 /* AppDelegate.swift in Sources */ = {isa = PBXBuildFile; fileRef = F1ACB1AA26A963F000498969 /* AppDelegate.swift */; };
		F1ACB1AD26A963F000498969 /* SceneDelegate.swift in Sources */ = {isa = PBXBuildFile; fileRef = F1ACB1AC26A963F000498969 /* SceneDelegate.swift */; };
		F1ACB1B426A963F100498969 /* Assets.xcassets in Resources */ = {isa = PBXBuildFile; fileRef = F1ACB1B326A963F100498969 /* Assets.xcassets */; };
		F1ACB1B726A963F100498969 /* LaunchScreen.storyboard in Resources */ = {isa = PBXBuildFile; fileRef = F1ACB1B526A963F100498969 /* LaunchScreen.storyboard */; };
		F1ACB1C226A963F100498969 /* BalancesCardTests.swift in Sources */ = {isa = PBXBuildFile; fileRef = F1ACB1C126A963F100498969 /* BalancesCardTests.swift */; };
		F1ACB1CD26A963F100498969 /* BalancesCardUITests.swift in Sources */ = {isa = PBXBuildFile; fileRef = F1ACB1CC26A963F100498969 /* BalancesCardUITests.swift */; };
		F1ACB1DC26A9649F00498969 /* Account.swift in Sources */ = {isa = PBXBuildFile; fileRef = F1ACB1DB26A9649F00498969 /* Account.swift */; };
		F1ACB1E226A964C800498969 /* transactions_2.json in Resources */ = {isa = PBXBuildFile; fileRef = F1ACB1DE26A964C800498969 /* transactions_2.json */; };
		F1ACB1E326A964C800498969 /* transactions_1.json in Resources */ = {isa = PBXBuildFile; fileRef = F1ACB1DF26A964C800498969 /* transactions_1.json */; };
		F1ACB1E426A964C800498969 /* accounts.json in Resources */ = {isa = PBXBuildFile; fileRef = F1ACB1E026A964C800498969 /* accounts.json */; };
		F1ACB1E526A964C800498969 /* transactions_3.json in Resources */ = {isa = PBXBuildFile; fileRef = F1ACB1E126A964C800498969 /* transactions_3.json */; };
		F1ACB1E726A9661500498969 /* Transaction.swift in Sources */ = {isa = PBXBuildFile; fileRef = F1ACB1E626A9661500498969 /* Transaction.swift */; };
		F1ACB1E826A98AF300498969 /* Account.swift in Sources */ = {isa = PBXBuildFile; fileRef = F1ACB1DB26A9649F00498969 /* Account.swift */; };
		F1ACB1E926A98AF500498969 /* Transaction.swift in Sources */ = {isa = PBXBuildFile; fileRef = F1ACB1E626A9661500498969 /* Transaction.swift */; };
		F1ACB1EC26A9927F00498969 /* AccountListViewController.swift in Sources */ = {isa = PBXBuildFile; fileRef = F1ACB1EB26A9927F00498969 /* AccountListViewController.swift */; };
		F1ACB1EE26A9928F00498969 /* AccountList.storyboard in Resources */ = {isa = PBXBuildFile; fileRef = F1ACB1ED26A9928F00498969 /* AccountList.storyboard */; };
		F1ACB1F026A992C100498969 /* TransactionListViewController.swift in Sources */ = {isa = PBXBuildFile; fileRef = F1ACB1EF26A992C100498969 /* TransactionListViewController.swift */; };
		F1ACB1F226A992D600498969 /* TransactionList.storyboard in Resources */ = {isa = PBXBuildFile; fileRef = F1ACB1F126A992D600498969 /* TransactionList.storyboard */; };
		F1ACB1F426A995D900498969 /* AccountViewModel.swift in Sources */ = {isa = PBXBuildFile; fileRef = F1ACB1F326A995D900498969 /* AccountViewModel.swift */; };
		F1ACB1F726A99A4100498969 /* TransactionViewModel.swift in Sources */ = {isa = PBXBuildFile; fileRef = F1ACB1F626A99A4100498969 /* TransactionViewModel.swift */; };
		F1ACB1FA26A9AC9E00498969 /* AccountListTableViewCell.swift in Sources */ = {isa = PBXBuildFile; fileRef = F1ACB1F826A9AC9E00498969 /* AccountListTableViewCell.swift */; };
		F1ACB1FB26A9AC9E00498969 /* AccountListTableViewCell.xib in Resources */ = {isa = PBXBuildFile; fileRef = F1ACB1F926A9AC9E00498969 /* AccountListTableViewCell.xib */; };
		F1ACB1FE26A9ACE800498969 /* ClassName.swift in Sources */ = {isa = PBXBuildFile; fileRef = F1ACB1FD26A9ACE800498969 /* ClassName.swift */; };
		F1ACB20026A9B12000498969 /* AccountSectionHeaderView.swift in Sources */ = {isa = PBXBuildFile; fileRef = F1ACB1FF26A9B12000498969 /* AccountSectionHeaderView.swift */; };
		F1ACB20226A9B14A00498969 /* AccountSectionHeaderView.xib in Resources */ = {isa = PBXBuildFile; fileRef = F1ACB20126A9B14A00498969 /* AccountSectionHeaderView.xib */; };
		F1ACB20426AA613700498969 /* CurrencyFormatter.swift in Sources */ = {isa = PBXBuildFile; fileRef = F1ACB20326AA613700498969 /* CurrencyFormatter.swift */; };
		F1ACB20526AA613D00498969 /* CurrencyFormatter.swift in Sources */ = {isa = PBXBuildFile; fileRef = F1ACB20326AA613700498969 /* CurrencyFormatter.swift */; };
		F1ACB20726AA6F2700498969 /* TransactionListTableViewCell.swift in Sources */ = {isa = PBXBuildFile; fileRef = F1ACB20626AA6F2700498969 /* TransactionListTableViewCell.swift */; };
		F1ACB20926AA6F3C00498969 /* TransactionListTableViewCell.xib in Resources */ = {isa = PBXBuildFile; fileRef = F1ACB20826AA6F3C00498969 /* TransactionListTableViewCell.xib */; };
		F1ACB20B26AA6F7700498969 /* TransactionSectionHeaderView.swift in Sources */ = {isa = PBXBuildFile; fileRef = F1ACB20A26AA6F7700498969 /* TransactionSectionHeaderView.swift */; };
		F1ACB20D26AA6F8800498969 /* TransactionSectionHeaderView.xib in Resources */ = {isa = PBXBuildFile; fileRef = F1ACB20C26AA6F8800498969 /* TransactionSectionHeaderView.xib */; };
/* End PBXBuildFile section */

/* Begin PBXContainerItemProxy section */
		F1ACB1BE26A963F100498969 /* PBXContainerItemProxy */ = {
			isa = PBXContainerItemProxy;
			containerPortal = F1ACB19F26A963F000498969 /* Project object */;
			proxyType = 1;
			remoteGlobalIDString = F1ACB1A626A963F000498969;
			remoteInfo = BalancesCard;
		};
		F1ACB1C926A963F100498969 /* PBXContainerItemProxy */ = {
			isa = PBXContainerItemProxy;
			containerPortal = F1ACB19F26A963F000498969 /* Project object */;
			proxyType = 1;
			remoteGlobalIDString = F1ACB1A626A963F000498969;
			remoteInfo = BalancesCard;
		};
/* End PBXContainerItemProxy section */

/* Begin PBXFileReference section */
		F1ACB1A726A963F000498969 /* BalancesCard.app */ = {isa = PBXFileReference; explicitFileType = wrapper.application; includeInIndex = 0; path = BalancesCard.app; sourceTree = BUILT_PRODUCTS_DIR; };
		F1ACB1AA26A963F000498969 /* AppDelegate.swift */ = {isa = PBXFileReference; lastKnownFileType = sourcecode.swift; path = AppDelegate.swift; sourceTree = "<group>"; };
		F1ACB1AC26A963F000498969 /* SceneDelegate.swift */ = {isa = PBXFileReference; lastKnownFileType = sourcecode.swift; path = SceneDelegate.swift; sourceTree = "<group>"; };
		F1ACB1B326A963F100498969 /* Assets.xcassets */ = {isa = PBXFileReference; lastKnownFileType = folder.assetcatalog; path = Assets.xcassets; sourceTree = "<group>"; };
		F1ACB1B626A963F100498969 /* Base */ = {isa = PBXFileReference; lastKnownFileType = file.storyboard; name = Base; path = Base.lproj/LaunchScreen.storyboard; sourceTree = "<group>"; };
		F1ACB1B826A963F100498969 /* Info.plist */ = {isa = PBXFileReference; lastKnownFileType = text.plist.xml; path = Info.plist; sourceTree = "<group>"; };
		F1ACB1BD26A963F100498969 /* BalancesCardTests.xctest */ = {isa = PBXFileReference; explicitFileType = wrapper.cfbundle; includeInIndex = 0; path = BalancesCardTests.xctest; sourceTree = BUILT_PRODUCTS_DIR; };
		F1ACB1C126A963F100498969 /* BalancesCardTests.swift */ = {isa = PBXFileReference; lastKnownFileType = sourcecode.swift; path = BalancesCardTests.swift; sourceTree = "<group>"; };
		F1ACB1C326A963F100498969 /* Info.plist */ = {isa = PBXFileReference; lastKnownFileType = text.plist.xml; path = Info.plist; sourceTree = "<group>"; };
		F1ACB1C826A963F100498969 /* BalancesCardUITests.xctest */ = {isa = PBXFileReference; explicitFileType = wrapper.cfbundle; includeInIndex = 0; path = BalancesCardUITests.xctest; sourceTree = BUILT_PRODUCTS_DIR; };
		F1ACB1CC26A963F100498969 /* BalancesCardUITests.swift */ = {isa = PBXFileReference; lastKnownFileType = sourcecode.swift; path = BalancesCardUITests.swift; sourceTree = "<group>"; };
		F1ACB1CE26A963F100498969 /* Info.plist */ = {isa = PBXFileReference; lastKnownFileType = text.plist.xml; path = Info.plist; sourceTree = "<group>"; };
		F1ACB1DB26A9649F00498969 /* Account.swift */ = {isa = PBXFileReference; lastKnownFileType = sourcecode.swift; path = Account.swift; sourceTree = "<group>"; };
		F1ACB1DE26A964C800498969 /* transactions_2.json */ = {isa = PBXFileReference; fileEncoding = 4; lastKnownFileType = text.json; path = transactions_2.json; sourceTree = "<group>"; };
		F1ACB1DF26A964C800498969 /* transactions_1.json */ = {isa = PBXFileReference; fileEncoding = 4; lastKnownFileType = text.json; path = transactions_1.json; sourceTree = "<group>"; };
		F1ACB1E026A964C800498969 /* accounts.json */ = {isa = PBXFileReference; fileEncoding = 4; lastKnownFileType = text.json; path = accounts.json; sourceTree = "<group>"; };
		F1ACB1E126A964C800498969 /* transactions_3.json */ = {isa = PBXFileReference; fileEncoding = 4; lastKnownFileType = text.json; path = transactions_3.json; sourceTree = "<group>"; };
		F1ACB1E626A9661500498969 /* Transaction.swift */ = {isa = PBXFileReference; lastKnownFileType = sourcecode.swift; path = Transaction.swift; sourceTree = "<group>"; };
		F1ACB1EB26A9927F00498969 /* AccountListViewController.swift */ = {isa = PBXFileReference; lastKnownFileType = sourcecode.swift; path = AccountListViewController.swift; sourceTree = "<group>"; };
		F1ACB1ED26A9928F00498969 /* AccountList.storyboard */ = {isa = PBXFileReference; lastKnownFileType = file.storyboard; path = AccountList.storyboard; sourceTree = "<group>"; };
		F1ACB1EF26A992C100498969 /* TransactionListViewController.swift */ = {isa = PBXFileReference; lastKnownFileType = sourcecode.swift; path = TransactionListViewController.swift; sourceTree = "<group>"; };
		F1ACB1F126A992D600498969 /* TransactionList.storyboard */ = {isa = PBXFileReference; lastKnownFileType = file.storyboard; path = TransactionList.storyboard; sourceTree = "<group>"; };
		F1ACB1F326A995D900498969 /* AccountViewModel.swift */ = {isa = PBXFileReference; lastKnownFileType = sourcecode.swift; path = AccountViewModel.swift; sourceTree = "<group>"; };
		F1ACB1F626A99A4100498969 /* TransactionViewModel.swift */ = {isa = PBXFileReference; lastKnownFileType = sourcecode.swift; path = TransactionViewModel.swift; sourceTree = "<group>"; };
		F1ACB1F826A9AC9E00498969 /* AccountListTableViewCell.swift */ = {isa = PBXFileReference; lastKnownFileType = sourcecode.swift; path = AccountListTableViewCell.swift; sourceTree = "<group>"; };
		F1ACB1F926A9AC9E00498969 /* AccountListTableViewCell.xib */ = {isa = PBXFileReference; lastKnownFileType = file.xib; path = AccountListTableViewCell.xib; sourceTree = "<group>"; };
		F1ACB1FD26A9ACE800498969 /* ClassName.swift */ = {isa = PBXFileReference; lastKnownFileType = sourcecode.swift; path = ClassName.swift; sourceTree = "<group>"; };
		F1ACB1FF26A9B12000498969 /* AccountSectionHeaderView.swift */ = {isa = PBXFileReference; lastKnownFileType = sourcecode.swift; path = AccountSectionHeaderView.swift; sourceTree = "<group>"; };
		F1ACB20126A9B14A00498969 /* AccountSectionHeaderView.xib */ = {isa = PBXFileReference; lastKnownFileType = file.xib; path = AccountSectionHeaderView.xib; sourceTree = "<group>"; };
		F1ACB20326AA613700498969 /* CurrencyFormatter.swift */ = {isa = PBXFileReference; lastKnownFileType = sourcecode.swift; path = CurrencyFormatter.swift; sourceTree = "<group>"; };
		F1ACB20626AA6F2700498969 /* TransactionListTableViewCell.swift */ = {isa = PBXFileReference; lastKnownFileType = sourcecode.swift; path = TransactionListTableViewCell.swift; sourceTree = "<group>"; };
		F1ACB20826AA6F3C00498969 /* TransactionListTableViewCell.xib */ = {isa = PBXFileReference; lastKnownFileType = file.xib; path = TransactionListTableViewCell.xib; sourceTree = "<group>"; };
		F1ACB20A26AA6F7700498969 /* TransactionSectionHeaderView.swift */ = {isa = PBXFileReference; lastKnownFileType = sourcecode.swift; path = TransactionSectionHeaderView.swift; sourceTree = "<group>"; };
		F1ACB20C26AA6F8800498969 /* TransactionSectionHeaderView.xib */ = {isa = PBXFileReference; lastKnownFileType = file.xib; path = TransactionSectionHeaderView.xib; sourceTree = "<group>"; };
/* End PBXFileReference section */

/* Begin PBXFrameworksBuildPhase section */
		F1ACB1A426A963F000498969 /* Frameworks */ = {
			isa = PBXFrameworksBuildPhase;
			buildActionMask = 2147483647;
			files = (
			);
			runOnlyForDeploymentPostprocessing = 0;
		};
		F1ACB1BA26A963F100498969 /* Frameworks */ = {
			isa = PBXFrameworksBuildPhase;
			buildActionMask = 2147483647;
			files = (
			);
			runOnlyForDeploymentPostprocessing = 0;
		};
		F1ACB1C526A963F100498969 /* Frameworks */ = {
			isa = PBXFrameworksBuildPhase;
			buildActionMask = 2147483647;
			files = (
			);
			runOnlyForDeploymentPostprocessing = 0;
		};
/* End PBXFrameworksBuildPhase section */

/* Begin PBXGroup section */
		F1ACB19E26A963F000498969 = {
			isa = PBXGroup;
			children = (
				F1ACB1A926A963F000498969 /* BalancesCard */,
				F1ACB1C026A963F100498969 /* BalancesCardTests */,
				F1ACB1CB26A963F100498969 /* BalancesCardUITests */,
				F1ACB1A826A963F000498969 /* Products */,
			);
			sourceTree = "<group>";
		};
		F1ACB1A826A963F000498969 /* Products */ = {
			isa = PBXGroup;
			children = (
				F1ACB1A726A963F000498969 /* BalancesCard.app */,
				F1ACB1BD26A963F100498969 /* BalancesCardTests.xctest */,
				F1ACB1C826A963F100498969 /* BalancesCardUITests.xctest */,
			);
			name = Products;
			sourceTree = "<group>";
		};
		F1ACB1A926A963F000498969 /* BalancesCard */ = {
			isa = PBXGroup;
			children = (
				F1ACB1DA26A9648200498969 /* Model */,
				F1ACB1EA26A9926700498969 /* View */,
				F1ACB1F526A99A0300498969 /* ViewModel */,
				F1ACB1FC26A9ACD600498969 /* Utility */,
				F1ACB1AA26A963F000498969 /* AppDelegate.swift */,
				F1ACB1AC26A963F000498969 /* SceneDelegate.swift */,
				F1ACB1B326A963F100498969 /* Assets.xcassets */,
				F1ACB1B526A963F100498969 /* LaunchScreen.storyboard */,
				F1ACB1B826A963F100498969 /* Info.plist */,
				F1ACB1DD26A964B200498969 /* Resources */,
			);
			path = BalancesCard;
			sourceTree = "<group>";
		};
		F1ACB1C026A963F100498969 /* BalancesCardTests */ = {
			isa = PBXGroup;
			children = (
				F1ACB1C126A963F100498969 /* BalancesCardTests.swift */,
				F1ACB1C326A963F100498969 /* Info.plist */,
			);
			path = BalancesCardTests;
			sourceTree = "<group>";
		};
		F1ACB1CB26A963F100498969 /* BalancesCardUITests */ = {
			isa = PBXGroup;
			children = (
				F1ACB1CC26A963F100498969 /* BalancesCardUITests.swift */,
				F1ACB1CE26A963F100498969 /* Info.plist */,
			);
			path = BalancesCardUITests;
			sourceTree = "<group>";
		};
		F1ACB1DA26A9648200498969 /* Model */ = {
			isa = PBXGroup;
			children = (
				F1ACB1DB26A9649F00498969 /* Account.swift */,
				F1ACB1E626A9661500498969 /* Transaction.swift */,
			);
			path = Model;
			sourceTree = "<group>";
		};
		F1ACB1DD26A964B200498969 /* Resources */ = {
			isa = PBXGroup;
			children = (
				F1ACB1E026A964C800498969 /* accounts.json */,
				F1ACB1DF26A964C800498969 /* transactions_1.json */,
				F1ACB1DE26A964C800498969 /* transactions_2.json */,
				F1ACB1E126A964C800498969 /* transactions_3.json */,
			);
			path = Resources;
			sourceTree = "<group>";
		};
		F1ACB1EA26A9926700498969 /* View */ = {
			isa = PBXGroup;
			children = (
				F1ACB1EB26A9927F00498969 /* AccountListViewController.swift */,
				F1ACB1ED26A9928F00498969 /* AccountList.storyboard */,
				F1ACB1F826A9AC9E00498969 /* AccountListTableViewCell.swift */,
				F1ACB1F926A9AC9E00498969 /* AccountListTableViewCell.xib */,
				F1ACB1FF26A9B12000498969 /* AccountSectionHeaderView.swift */,
				F1ACB20126A9B14A00498969 /* AccountSectionHeaderView.xib */,
				F1ACB1EF26A992C100498969 /* TransactionListViewController.swift */,
				F1ACB1F126A992D600498969 /* TransactionList.storyboard */,
				F1ACB20626AA6F2700498969 /* TransactionListTableViewCell.swift */,
				F1ACB20826AA6F3C00498969 /* TransactionListTableViewCell.xib */,
				F1ACB20A26AA6F7700498969 /* TransactionSectionHeaderView.swift */,
				F1ACB20C26AA6F8800498969 /* TransactionSectionHeaderView.xib */,
			);
			path = View;
			sourceTree = "<group>";
		};
		F1ACB1F526A99A0300498969 /* ViewModel */ = {
			isa = PBXGroup;
			children = (
				F1ACB1F326A995D900498969 /* AccountViewModel.swift */,
				F1ACB1F626A99A4100498969 /* TransactionViewModel.swift */,
			);
			path = ViewModel;
			sourceTree = "<group>";
		};
		F1ACB1FC26A9ACD600498969 /* Utility */ = {
			isa = PBXGroup;
			children = (
				F1ACB1FD26A9ACE800498969 /* ClassName.swift */,
				F1ACB20326AA613700498969 /* CurrencyFormatter.swift */,
			);
			path = Utility;
			sourceTree = "<group>";
		};
/* End PBXGroup section */

/* Begin PBXNativeTarget section */
		F1ACB1A626A963F000498969 /* BalancesCard */ = {
			isa = PBXNativeTarget;
			buildConfigurationList = F1ACB1D126A963F100498969 /* Build configuration list for PBXNativeTarget "BalancesCard" */;
			buildPhases = (
				F1ACB1A326A963F000498969 /* Sources */,
				F1ACB1A426A963F000498969 /* Frameworks */,
				F1ACB1A526A963F000498969 /* Resources */,
			);
			buildRules = (
			);
			dependencies = (
			);
			name = BalancesCard;
			productName = BalancesCard;
			productReference = F1ACB1A726A963F000498969 /* BalancesCard.app */;
			productType = "com.apple.product-type.application";
		};
		F1ACB1BC26A963F100498969 /* BalancesCardTests */ = {
			isa = PBXNativeTarget;
			buildConfigurationList = F1ACB1D426A963F100498969 /* Build configuration list for PBXNativeTarget "BalancesCardTests" */;
			buildPhases = (
				F1ACB1B926A963F100498969 /* Sources */,
				F1ACB1BA26A963F100498969 /* Frameworks */,
				F1ACB1BB26A963F100498969 /* Resources */,
			);
			buildRules = (
			);
			dependencies = (
				F1ACB1BF26A963F100498969 /* PBXTargetDependency */,
			);
			name = BalancesCardTests;
			productName = BalancesCardTests;
			productReference = F1ACB1BD26A963F100498969 /* BalancesCardTests.xctest */;
			productType = "com.apple.product-type.bundle.unit-test";
		};
		F1ACB1C726A963F100498969 /* BalancesCardUITests */ = {
			isa = PBXNativeTarget;
			buildConfigurationList = F1ACB1D726A963F100498969 /* Build configuration list for PBXNativeTarget "BalancesCardUITests" */;
			buildPhases = (
				F1ACB1C426A963F100498969 /* Sources */,
				F1ACB1C526A963F100498969 /* Frameworks */,
				F1ACB1C626A963F100498969 /* Resources */,
			);
			buildRules = (
			);
			dependencies = (
				F1ACB1CA26A963F100498969 /* PBXTargetDependency */,
			);
			name = BalancesCardUITests;
			productName = BalancesCardUITests;
			productReference = F1ACB1C826A963F100498969 /* BalancesCardUITests.xctest */;
			productType = "com.apple.product-type.bundle.ui-testing";
		};
/* End PBXNativeTarget section */

/* Begin PBXProject section */
		F1ACB19F26A963F000498969 /* Project object */ = {
			isa = PBXProject;
			attributes = {
				LastSwiftUpdateCheck = 1250;
				LastUpgradeCheck = 1250;
				TargetAttributes = {
					F1ACB1A626A963F000498969 = {
						CreatedOnToolsVersion = 12.5;
					};
					F1ACB1BC26A963F100498969 = {
						CreatedOnToolsVersion = 12.5;
						TestTargetID = F1ACB1A626A963F000498969;
					};
					F1ACB1C726A963F100498969 = {
						CreatedOnToolsVersion = 12.5;
						TestTargetID = F1ACB1A626A963F000498969;
					};
				};
			};
			buildConfigurationList = F1ACB1A226A963F000498969 /* Build configuration list for PBXProject "BalancesCard" */;
			compatibilityVersion = "Xcode 9.3";
			developmentRegion = en;
			hasScannedForEncodings = 0;
			knownRegions = (
				en,
				Base,
			);
			mainGroup = F1ACB19E26A963F000498969;
			productRefGroup = F1ACB1A826A963F000498969 /* Products */;
			projectDirPath = "";
			projectRoot = "";
			targets = (
				F1ACB1A626A963F000498969 /* BalancesCard */,
				F1ACB1BC26A963F100498969 /* BalancesCardTests */,
				F1ACB1C726A963F100498969 /* BalancesCardUITests */,
			);
		};
/* End PBXProject section */

/* Begin PBXResourcesBuildPhase section */
		F1ACB1A526A963F000498969 /* Resources */ = {
			isa = PBXResourcesBuildPhase;
			buildActionMask = 2147483647;
			files = (
				F1ACB1B726A963F100498969 /* LaunchScreen.storyboard in Resources */,
				F1ACB1E426A964C800498969 /* accounts.json in Resources */,
				F1ACB1FB26A9AC9E00498969 /* AccountListTableViewCell.xib in Resources */,
				F1ACB1E226A964C800498969 /* transactions_2.json in Resources */,
				F1ACB20D26AA6F8800498969 /* TransactionSectionHeaderView.xib in Resources */,
				F1ACB1E526A964C800498969 /* transactions_3.json in Resources */,
				F1ACB1B426A963F100498969 /* Assets.xcassets in Resources */,
				F1ACB1F226A992D600498969 /* TransactionList.storyboard in Resources */,
				F1ACB20226A9B14A00498969 /* AccountSectionHeaderView.xib in Resources */,
				F1ACB1E326A964C800498969 /* transactions_1.json in Resources */,
				F1ACB1EE26A9928F00498969 /* AccountList.storyboard in Resources */,
				F1ACB20926AA6F3C00498969 /* TransactionListTableViewCell.xib in Resources */,
			);
			runOnlyForDeploymentPostprocessing = 0;
		};
		F1ACB1BB26A963F100498969 /* Resources */ = {
			isa = PBXResourcesBuildPhase;
			buildActionMask = 2147483647;
			files = (
			);
			runOnlyForDeploymentPostprocessing = 0;
		};
		F1ACB1C626A963F100498969 /* Resources */ = {
			isa = PBXResourcesBuildPhase;
			buildActionMask = 2147483647;
			files = (
			);
			runOnlyForDeploymentPostprocessing = 0;
		};
/* End PBXResourcesBuildPhase section */

/* Begin PBXSourcesBuildPhase section */
		F1ACB1A326A963F000498969 /* Sources */ = {
			isa = PBXSourcesBuildPhase;
			buildActionMask = 2147483647;
			files = (
				F1ACB1FA26A9AC9E00498969 /* AccountListTableViewCell.swift in Sources */,
				F1ACB20726AA6F2700498969 /* TransactionListTableViewCell.swift in Sources */,
				F1ACB20B26AA6F7700498969 /* TransactionSectionHeaderView.swift in Sources */,
				F1ACB20426AA613700498969 /* CurrencyFormatter.swift in Sources */,
				F1ACB1F026A992C100498969 /* TransactionListViewController.swift in Sources */,
				F1ACB1F426A995D900498969 /* AccountViewModel.swift in Sources */,
				F1ACB1DC26A9649F00498969 /* Account.swift in Sources */,
				F1ACB1EC26A9927F00498969 /* AccountListViewController.swift in Sources */,
				F1ACB1AB26A963F000498969 /* AppDelegate.swift in Sources */,
				F1ACB1AD26A963F000498969 /* SceneDelegate.swift in Sources */,
				F1ACB1FE26A9ACE800498969 /* ClassName.swift in Sources */,
				F1ACB1E726A9661500498969 /* Transaction.swift in Sources */,
				F1ACB20026A9B12000498969 /* AccountSectionHeaderView.swift in Sources */,
				F1ACB1F726A99A4100498969 /* TransactionViewModel.swift in Sources */,
			);
			runOnlyForDeploymentPostprocessing = 0;
		};
		F1ACB1B926A963F100498969 /* Sources */ = {
			isa = PBXSourcesBuildPhase;
			buildActionMask = 2147483647;
			files = (
				F1ACB1C226A963F100498969 /* BalancesCardTests.swift in Sources */,
				F1ACB20526AA613D00498969 /* CurrencyFormatter.swift in Sources */,
				F1ACB1E826A98AF300498969 /* Account.swift in Sources */,
				F1ACB1E926A98AF500498969 /* Transaction.swift in Sources */,
			);
			runOnlyForDeploymentPostprocessing = 0;
		};
		F1ACB1C426A963F100498969 /* Sources */ = {
			isa = PBXSourcesBuildPhase;
			buildActionMask = 2147483647;
			files = (
				F1ACB1CD26A963F100498969 /* BalancesCardUITests.swift in Sources */,
			);
			runOnlyForDeploymentPostprocessing = 0;
		};
/* End PBXSourcesBuildPhase section */

/* Begin PBXTargetDependency section */
		F1ACB1BF26A963F100498969 /* PBXTargetDependency */ = {
			isa = PBXTargetDependency;
			target = F1ACB1A626A963F000498969 /* BalancesCard */;
			targetProxy = F1ACB1BE26A963F100498969 /* PBXContainerItemProxy */;
		};
		F1ACB1CA26A963F100498969 /* PBXTargetDependency */ = {
			isa = PBXTargetDependency;
			target = F1ACB1A626A963F000498969 /* BalancesCard */;
			targetProxy = F1ACB1C926A963F100498969 /* PBXContainerItemProxy */;
		};
/* End PBXTargetDependency section */

/* Begin PBXVariantGroup section */
		F1ACB1B526A963F100498969 /* LaunchScreen.storyboard */ = {
			isa = PBXVariantGroup;
			children = (
				F1ACB1B626A963F100498969 /* Base */,
			);
			name = LaunchScreen.storyboard;
			sourceTree = "<group>";
		};
/* End PBXVariantGroup section */

/* Begin XCBuildConfiguration section */
		F1ACB1CF26A963F100498969 /* Debug */ = {
			isa = XCBuildConfiguration;
			buildSettings = {
				ALWAYS_SEARCH_USER_PATHS = NO;
				CLANG_ANALYZER_NONNULL = YES;
				CLANG_ANALYZER_NUMBER_OBJECT_CONVERSION = YES_AGGRESSIVE;
				CLANG_CXX_LANGUAGE_STANDARD = "gnu++14";
				CLANG_CXX_LIBRARY = "libc++";
				CLANG_ENABLE_MODULES = YES;
				CLANG_ENABLE_OBJC_ARC = YES;
				CLANG_ENABLE_OBJC_WEAK = YES;
				CLANG_WARN_BLOCK_CAPTURE_AUTORELEASING = YES;
				CLANG_WARN_BOOL_CONVERSION = YES;
				CLANG_WARN_COMMA = YES;
				CLANG_WARN_CONSTANT_CONVERSION = YES;
				CLANG_WARN_DEPRECATED_OBJC_IMPLEMENTATIONS = YES;
				CLANG_WARN_DIRECT_OBJC_ISA_USAGE = YES_ERROR;
				CLANG_WARN_DOCUMENTATION_COMMENTS = YES;
				CLANG_WARN_EMPTY_BODY = YES;
				CLANG_WARN_ENUM_CONVERSION = YES;
				CLANG_WARN_INFINITE_RECURSION = YES;
				CLANG_WARN_INT_CONVERSION = YES;
				CLANG_WARN_NON_LITERAL_NULL_CONVERSION = YES;
				CLANG_WARN_OBJC_IMPLICIT_RETAIN_SELF = YES;
				CLANG_WARN_OBJC_LITERAL_CONVERSION = YES;
				CLANG_WARN_OBJC_ROOT_CLASS = YES_ERROR;
				CLANG_WARN_QUOTED_INCLUDE_IN_FRAMEWORK_HEADER = YES;
				CLANG_WARN_RANGE_LOOP_ANALYSIS = YES;
				CLANG_WARN_STRICT_PROTOTYPES = YES;
				CLANG_WARN_SUSPICIOUS_MOVE = YES;
				CLANG_WARN_UNGUARDED_AVAILABILITY = YES_AGGRESSIVE;
				CLANG_WARN_UNREACHABLE_CODE = YES;
				CLANG_WARN__DUPLICATE_METHOD_MATCH = YES;
				COPY_PHASE_STRIP = NO;
				DEBUG_INFORMATION_FORMAT = dwarf;
				ENABLE_STRICT_OBJC_MSGSEND = YES;
				ENABLE_TESTABILITY = YES;
				GCC_C_LANGUAGE_STANDARD = gnu11;
				GCC_DYNAMIC_NO_PIC = NO;
				GCC_NO_COMMON_BLOCKS = YES;
				GCC_OPTIMIZATION_LEVEL = 0;
				GCC_PREPROCESSOR_DEFINITIONS = (
					"DEBUG=1",
					"$(inherited)",
				);
				GCC_WARN_64_TO_32_BIT_CONVERSION = YES;
				GCC_WARN_ABOUT_RETURN_TYPE = YES_ERROR;
				GCC_WARN_UNDECLARED_SELECTOR = YES;
				GCC_WARN_UNINITIALIZED_AUTOS = YES_AGGRESSIVE;
				GCC_WARN_UNUSED_FUNCTION = YES;
				GCC_WARN_UNUSED_VARIABLE = YES;
				IPHONEOS_DEPLOYMENT_TARGET = 14.5;
				MTL_ENABLE_DEBUG_INFO = INCLUDE_SOURCE;
				MTL_FAST_MATH = YES;
				ONLY_ACTIVE_ARCH = YES;
				SDKROOT = iphoneos;
				SWIFT_ACTIVE_COMPILATION_CONDITIONS = DEBUG;
				SWIFT_OPTIMIZATION_LEVEL = "-Onone";
			};
			name = Debug;
		};
		F1ACB1D026A963F100498969 /* Release */ = {
			isa = XCBuildConfiguration;
			buildSettings = {
				ALWAYS_SEARCH_USER_PATHS = NO;
				CLANG_ANALYZER_NONNULL = YES;
				CLANG_ANALYZER_NUMBER_OBJECT_CONVERSION = YES_AGGRESSIVE;
				CLANG_CXX_LANGUAGE_STANDARD = "gnu++14";
				CLANG_CXX_LIBRARY = "libc++";
				CLANG_ENABLE_MODULES = YES;
				CLANG_ENABLE_OBJC_ARC = YES;
				CLANG_ENABLE_OBJC_WEAK = YES;
				CLANG_WARN_BLOCK_CAPTURE_AUTORELEASING = YES;
				CLANG_WARN_BOOL_CONVERSION = YES;
				CLANG_WARN_COMMA = YES;
				CLANG_WARN_CONSTANT_CONVERSION = YES;
				CLANG_WARN_DEPRECATED_OBJC_IMPLEMENTATIONS = YES;
				CLANG_WARN_DIRECT_OBJC_ISA_USAGE = YES_ERROR;
				CLANG_WARN_DOCUMENTATION_COMMENTS = YES;
				CLANG_WARN_EMPTY_BODY = YES;
				CLANG_WARN_ENUM_CONVERSION = YES;
				CLANG_WARN_INFINITE_RECURSION = YES;
				CLANG_WARN_INT_CONVERSION = YES;
				CLANG_WARN_NON_LITERAL_NULL_CONVERSION = YES;
				CLANG_WARN_OBJC_IMPLICIT_RETAIN_SELF = YES;
				CLANG_WARN_OBJC_LITERAL_CONVERSION = YES;
				CLANG_WARN_OBJC_ROOT_CLASS = YES_ERROR;
				CLANG_WARN_QUOTED_INCLUDE_IN_FRAMEWORK_HEADER = YES;
				CLANG_WARN_RANGE_LOOP_ANALYSIS = YES;
				CLANG_WARN_STRICT_PROTOTYPES = YES;
				CLANG_WARN_SUSPICIOUS_MOVE = YES;
				CLANG_WARN_UNGUARDED_AVAILABILITY = YES_AGGRESSIVE;
				CLANG_WARN_UNREACHABLE_CODE = YES;
				CLANG_WARN__DUPLICATE_METHOD_MATCH = YES;
				COPY_PHASE_STRIP = NO;
				DEBUG_INFORMATION_FORMAT = "dwarf-with-dsym";
				ENABLE_NS_ASSERTIONS = NO;
				ENABLE_STRICT_OBJC_MSGSEND = YES;
				GCC_C_LANGUAGE_STANDARD = gnu11;
				GCC_NO_COMMON_BLOCKS = YES;
				GCC_WARN_64_TO_32_BIT_CONVERSION = YES;
				GCC_WARN_ABOUT_RETURN_TYPE = YES_ERROR;
				GCC_WARN_UNDECLARED_SELECTOR = YES;
				GCC_WARN_UNINITIALIZED_AUTOS = YES_AGGRESSIVE;
				GCC_WARN_UNUSED_FUNCTION = YES;
				GCC_WARN_UNUSED_VARIABLE = YES;
				IPHONEOS_DEPLOYMENT_TARGET = 14.5;
				MTL_ENABLE_DEBUG_INFO = NO;
				MTL_FAST_MATH = YES;
				SDKROOT = iphoneos;
				SWIFT_COMPILATION_MODE = wholemodule;
				SWIFT_OPTIMIZATION_LEVEL = "-O";
				VALIDATE_PRODUCT = YES;
			};
			name = Release;
		};
		F1ACB1D226A963F100498969 /* Debug */ = {
			isa = XCBuildConfiguration;
			buildSettings = {
				ASSETCATALOG_COMPILER_APPICON_NAME = AppIcon;
				ASSETCATALOG_COMPILER_GLOBAL_ACCENT_COLOR_NAME = AccentColor;
				CODE_SIGN_STYLE = Automatic;
				INFOPLIST_FILE = BalancesCard/Info.plist;
				LD_RUNPATH_SEARCH_PATHS = (
					"$(inherited)",
					"@executable_path/Frameworks",
				);
				PRODUCT_BUNDLE_IDENTIFIER = fangwei.hsu.BalancesCard;
				PRODUCT_NAME = "$(TARGET_NAME)";
				SWIFT_VERSION = 5.0;
				TARGETED_DEVICE_FAMILY = "1,2";
			};
			name = Debug;
		};
		F1ACB1D326A963F100498969 /* Release */ = {
			isa = XCBuildConfiguration;
			buildSettings = {
				ASSETCATALOG_COMPILER_APPICON_NAME = AppIcon;
				ASSETCATALOG_COMPILER_GLOBAL_ACCENT_COLOR_NAME = AccentColor;
				CODE_SIGN_STYLE = Automatic;
				INFOPLIST_FILE = BalancesCard/Info.plist;
				LD_RUNPATH_SEARCH_PATHS = (
					"$(inherited)",
					"@executable_path/Frameworks",
				);
				PRODUCT_BUNDLE_IDENTIFIER = fangwei.hsu.BalancesCard;
				PRODUCT_NAME = "$(TARGET_NAME)";
				SWIFT_VERSION = 5.0;
				TARGETED_DEVICE_FAMILY = "1,2";
			};
			name = Release;
		};
		F1ACB1D526A963F100498969 /* Debug */ = {
			isa = XCBuildConfiguration;
			buildSettings = {
				ALWAYS_EMBED_SWIFT_STANDARD_LIBRARIES = YES;
				BUNDLE_LOADER = "$(TEST_HOST)";
				CODE_SIGN_STYLE = Automatic;
				INFOPLIST_FILE = BalancesCardTests/Info.plist;
				IPHONEOS_DEPLOYMENT_TARGET = 14.5;
				LD_RUNPATH_SEARCH_PATHS = (
					"$(inherited)",
					"@executable_path/Frameworks",
					"@loader_path/Frameworks",
				);
				PRODUCT_BUNDLE_IDENTIFIER = fangwei.hsu.BalancesCardTests;
				PRODUCT_NAME = "$(TARGET_NAME)";
				SWIFT_VERSION = 5.0;
				TARGETED_DEVICE_FAMILY = "1,2";
				TEST_HOST = "$(BUILT_PRODUCTS_DIR)/BalancesCard.app/BalancesCard";
			};
			name = Debug;
		};
		F1ACB1D626A963F100498969 /* Release */ = {
			isa = XCBuildConfiguration;
			buildSettings = {
				ALWAYS_EMBED_SWIFT_STANDARD_LIBRARIES = YES;
				BUNDLE_LOADER = "$(TEST_HOST)";
				CODE_SIGN_STYLE = Automatic;
				INFOPLIST_FILE = BalancesCardTests/Info.plist;
				IPHONEOS_DEPLOYMENT_TARGET = 14.5;
				LD_RUNPATH_SEARCH_PATHS = (
					"$(inherited)",
					"@executable_path/Frameworks",
					"@loader_path/Frameworks",
				);
				PRODUCT_BUNDLE_IDENTIFIER = fangwei.hsu.BalancesCardTests;
				PRODUCT_NAME = "$(TARGET_NAME)";
				SWIFT_VERSION = 5.0;
				TARGETED_DEVICE_FAMILY = "1,2";
				TEST_HOST = "$(BUILT_PRODUCTS_DIR)/BalancesCard.app/BalancesCard";
			};
			name = Release;
		};
		F1ACB1D826A963F100498969 /* Debug */ = {
			isa = XCBuildConfiguration;
			buildSettings = {
				ALWAYS_EMBED_SWIFT_STANDARD_LIBRARIES = YES;
				CODE_SIGN_STYLE = Automatic;
				INFOPLIST_FILE = BalancesCardUITests/Info.plist;
				LD_RUNPATH_SEARCH_PATHS = (
					"$(inherited)",
					"@executable_path/Frameworks",
					"@loader_path/Frameworks",
				);
				PRODUCT_BUNDLE_IDENTIFIER = fangwei.hsu.BalancesCardUITests;
				PRODUCT_NAME = "$(TARGET_NAME)";
				SWIFT_VERSION = 5.0;
				TARGETED_DEVICE_FAMILY = "1,2";
				TEST_TARGET_NAME = BalancesCard;
			};
			name = Debug;
		};
		F1ACB1D926A963F100498969 /* Release */ = {
			isa = XCBuildConfiguration;
			buildSettings = {
				ALWAYS_EMBED_SWIFT_STANDARD_LIBRARIES = YES;
				CODE_SIGN_STYLE = Automatic;
				INFOPLIST_FILE = BalancesCardUITests/Info.plist;
				LD_RUNPATH_SEARCH_PATHS = (
					"$(inherited)",
					"@executable_path/Frameworks",
					"@loader_path/Frameworks",
				);
				PRODUCT_BUNDLE_IDENTIFIER = fangwei.hsu.BalancesCardUITests;
				PRODUCT_NAME = "$(TARGET_NAME)";
				SWIFT_VERSION = 5.0;
				TARGETED_DEVICE_FAMILY = "1,2";
				TEST_TARGET_NAME = BalancesCard;
			};
			name = Release;
		};
/* End XCBuildConfiguration section */

/* Begin XCConfigurationList section */
		F1ACB1A226A963F000498969 /* Build configuration list for PBXProject "BalancesCard" */ = {
			isa = XCConfigurationList;
			buildConfigurations = (
				F1ACB1CF26A963F100498969 /* Debug */,
				F1ACB1D026A963F100498969 /* Release */,
			);
			defaultConfigurationIsVisible = 0;
			defaultConfigurationName = Release;
		};
		F1ACB1D126A963F100498969 /* Build configuration list for PBXNativeTarget "BalancesCard" */ = {
			isa = XCConfigurationList;
			buildConfigurations = (
				F1ACB1D226A963F100498969 /* Debug */,
				F1ACB1D326A963F100498969 /* Release */,
			);
			defaultConfigurationIsVisible = 0;
			defaultConfigurationName = Release;
		};
		F1ACB1D426A963F100498969 /* Build configuration list for PBXNativeTarget "BalancesCardTests" */ = {
			isa = XCConfigurationList;
			buildConfigurations = (
				F1ACB1D526A963F100498969 /* Debug */,
				F1ACB1D626A963F100498969 /* Release */,
			);
			defaultConfigurationIsVisible = 0;
			defaultConfigurationName = Release;
		};
		F1ACB1D726A963F100498969 /* Build configuration list for PBXNativeTarget "BalancesCardUITests" */ = {
			isa = XCConfigurationList;
			buildConfigurations = (
				F1ACB1D826A963F100498969 /* Debug */,
				F1ACB1D926A963F100498969 /* Release */,
			);
			defaultConfigurationIsVisible = 0;
			defaultConfigurationName = Release;
		};
/* End XCConfigurationList section */
	};
	rootObject = F1ACB19F26A963F000498969 /* Project object */;
}
